
Microsoft Visual Studio Solution File, Format Version 9.00
# Visual Studio 2005
Project("{8BC9CEB8-8B4A-11D0-8D11-00A0C91BC942}") = "WheelMagic", "WheelMagic.vcproj", "{C4282490-1EDB-4075-B064-C6F642071882}"
EndProject
Project("{8BC9CEB8-8B4A-11D0-8D11-00A0C91BC942}") = "WheelMagicHook", "WheelMagicHook.vcproj", "{38066AA8-B849-402D-A2E1-0D9D48068D02}"
EndProject
Global
	GlobalSection(SolutionConfigurationPlatforms) = preSolution
		Debug|Win32 = Debug|Win32
		Debug|x64 = Debug|x64
		Release|Win32 = Release|Win32
		Release|x64 = Release|x64
	EndGlobalSection
	GlobalSection(ProjectConfigurationPlatforms) = postSolution
		{C4282490-1EDB-4075-B064-C6F642071882}.Debug|Win32.ActiveCfg = Debug|Win32
		{C4282490-1EDB-4075-B064-C6F642071882}.Debug|Win32.Build.0 = Debug|Win32
		{C4282490-1EDB-4075-B064-C6F642071882}.Debug|x64.ActiveCfg = Debug|x64
		{C4282490-1EDB-4075-B064-C6F642071882}.Debug|x64.Build.0 = Debug|x64
		{C4282490-1EDB-4075-B064-C6F642071882}.Release|Win32.ActiveCfg = Release|Win32
		{C4282490-1EDB-4075-B064-C6F642071882}.Release|Win32.Build.0 = Release|Win32
		{C4282490-1EDB-4075-B064-C6F642071882}.Release|x64.ActiveCfg = Release|x64
		{C4282490-1EDB-4075-B064-C6F642071882}.Release|x64.Build.0 = Release|x64
		{38066AA8-B849-402D-A2E1-0D9D48068D02}.Debug|Win32.ActiveCfg = Debug|Win32
		{38066AA8-B849-402D-A2E1-0D9D48068D02}.Debug|Win32.Build.0 = Debug|Win32
		{38066AA8-B849-402D-A2E1-0D9D48068D02}.Debug|x64.ActiveCfg = Debug|x64
		{38066AA8-B849-402D-A2E1-0D9D48068D02}.Debug|x64.Build.0 = Debug|x64
		{38066AA8-B849-402D-A2E1-0D9D48068D02}.Release|Win32.ActiveCfg = Release|Win32
		{38066AA8-B849-402D-A2E1-0D9D48068D02}.Release|Win32.Build.0 = Release|Win32
		{38066AA8-B849-402D-A2E1-0D9D48068D02}.Release|x64.ActiveCfg = Release|x64
		{38066AA8-B849-402D-A2E1-0D9D48068D02}.Release|x64.Build.0 = Release|x64
	EndGlobalSection
	GlobalSection(SolutionProperties) = preSolution
		HideSolutionNode = FALSE
	EndGlobalSection
EndGlobal
